[[package]]
name = "lazy_static"
version = "0.2.8"
source = "registry+https://github.com/rust-lang/crates.io-index"

[[package]]
name = "libc"
version = "0.2.30"
source = "registry+https://github.com/rust-lang/crates.io-index"

[[package]]
name = "rustynes"
version = "0.1.0"
dependencies = [
 "lazy_static 0.2.8 (registry+https://github.com/rust-lang/crates.io-index)",
 "libc 0.2.30 (registry+https://github.com/rust-lang/crates.io-index)",
]

[[package]]
name = "standalone"
version = "0.1.0"

[metadata]
"checksum lazy_static 0.2.8 (registry+https://github.com/rust-lang/crates.io-index)" = "3b37545ab726dd833ec6420aaba8231c5b320814b9029ad585555d2a03e94fbf"
"checksum libc 0.2.30 (registry+https://github.com/rust-lang/crates.io-index)" = "2370ca07ec338939e356443dac2296f581453c35fe1e3a3ed06023c49435f915"
